# THIS IS AN AUTOGENERATED FILE. DO NOT EDIT THIS FILE DIRECTLY.
# yarn lockfile v1


dayjs@^1.8.15:
  version "1.8.15"
  resolved "https://registry.yarnpkg.com/dayjs/-/dayjs-1.8.15.tgz#7121bc04e6a7f2621ed6db566be4a8aaf8c3913e"
  integrity sha512-HYHCI1nohG52B45vCQg8Re3hNDZbMroWPkhz50yaX7Lu0ATyjGsTdoYZBpjED9ar6chqTx2dmSmM8A51mojnAg==
